// !$*UTF8*$!
{
	archiveVersion = 1;
	classes = {
	};
	objectVersion = 56;
	objects = {

/* Begin PBXBuildFile section */
		2608A32C2BA00689005A8F71 /* AppDelegate.swift in Sources */ = {isa = PBXBuildFile; fileRef = 2608A32B2BA00689005A8F71 /* AppDelegate.swift */; };
		2608A32E2BA00689005A8F71 /* SceneDelegate.swift in Sources */ = {isa = PBXBuildFile; fileRef = 2608A32D2BA00689005A8F71 /* SceneDelegate.swift */; };
		2608A3302BA00689005A8F71 /* ViewController.swift in Sources */ = {isa = PBXBuildFile; fileRef = 2608A32F2BA00689005A8F71 /* ViewController.swift */; };
		2608A3332BA00689005A8F71 /* Main.storyboard in Resources */ = {isa = PBXBuildFile; fileRef = 2608A3312BA00689005A8F71 /* Main.storyboard */; };
		2608A3362BA00689005A8F71 /* DataParsingJSON.xcdatamodeld in Sources */ = {isa = PBXBuildFile; fileRef = 2608A3342BA00689005A8F71 /* DataParsingJSON.xcdatamodeld */; };
		2608A3382BA0068A005A8F71 /* Assets.xcassets in Resources */ = {isa = PBXBuildFile; fileRef = 2608A3372BA0068A005A8F71 /* Assets.xcassets */; };
		2608A33B2BA0068A005A8F71 /* LaunchScreen.storyboard in Resources */ = {isa = PBXBuildFile; fileRef = 2608A3392BA0068A005A8F71 /* LaunchScreen.storyboard */; };
		2608A3462BA0068A005A8F71 /* DataParsingJSONTests.swift in Sources */ = {isa = PBXBuildFile; fileRef = 2608A3452BA0068A005A8F71 /* DataParsingJSONTests.swift */; };
		2608A3502BA0068A005A8F71 /* DataParsingJSONUITests.swift in Sources */ = {isa = PBXBuildFile; fileRef = 2608A34F2BA0068A005A8F71 /* DataParsingJSONUITests.swift */; };
		2608A3522BA0068A005A8F71 /* DataParsingJSONUITestsLaunchTests.swift in Sources */ = {isa = PBXBuildFile; fileRef = 2608A3512BA0068A005A8F71 /* DataParsingJSONUITestsLaunchTests.swift */; };
		2608A35F2BA0111F005A8F71 /* TheTableViewCell.swift in Sources */ = {isa = PBXBuildFile; fileRef = 2608A35E2BA0111F005A8F71 /* TheTableViewCell.swift */; };
/* End PBXBuildFile section */

/* Begin PBXContainerItemProxy section */
		2608A3422BA0068A005A8F71 /* PBXContainerItemProxy */ = {
			isa = PBXContainerItemProxy;
			containerPortal = 2608A3202BA00689005A8F71 /* Project object */;
			proxyType = 1;
			remoteGlobalIDString = 2608A3272BA00689005A8F71;
			remoteInfo = DataParsingJSON;
		};
		2608A34C2BA0068A005A8F71 /* PBXContainerItemProxy */ = {
			isa = PBXContainerItemProxy;
			containerPortal = 2608A3202BA00689005A8F71 /* Project object */;
			proxyType = 1;
			remoteGlobalIDString = 2608A3272BA00689005A8F71;
			remoteInfo = DataParsingJSON;
		};
/* End PBXContainerItemProxy section */

/* Begin PBXFileReference section */
		2608A3282BA00689005A8F71 /* DataParsingJSON.app */ = {isa = PBXFileReference; explicitFileType = wrapper.application; includeInIndex = 0; path = DataParsingJSON.app; sourceTree = BUILT_PRODUCTS_DIR; };
		2608A32B2BA00689005A8F71 /* AppDelegate.swift */ = {isa = PBXFileReference; lastKnownFileType = sourcecode.swift; path = AppDelegate.swift; sourceTree = "<group>"; };
		2608A32D2BA00689005A8F71 /* SceneDelegate.swift */ = {isa = PBXFileReference; lastKnownFileType = sourcecode.swift; path = SceneDelegate.swift; sourceTree = "<group>"; };
		2608A32F2BA00689005A8F71 /* ViewController.swift */ = {isa = PBXFileReference; lastKnownFileType = sourcecode.swift; path = ViewController.swift; sourceTree = "<group>"; };
		2608A3322BA00689005A8F71 /* Base */ = {isa = PBXFileReference; lastKnownFileType = file.storyboard; name = Base; path = Base.lproj/Main.storyboard; sourceTree = "<group>"; };
		2608A3352BA00689005A8F71 /* DataParsingJSON.xcdatamodel */ = {isa = PBXFileReference; lastKnownFileType = wrapper.xcdatamodel; path = DataParsingJSON.xcdatamodel; sourceTree = "<group>"; };
		2608A3372BA0068A005A8F71 /* Assets.xcassets */ = {isa = PBXFileReference; lastKnownFileType = folder.assetcatalog; path = Assets.xcassets; sourceTree = "<group>"; };
		2608A33A2BA0068A005A8F71 /* Base */ = {isa = PBXFileReference; lastKnownFileType = file.storyboard; name = Base; path = Base.lproj/LaunchScreen.storyboard; sourceTree = "<group>"; };
		2608A33C2BA0068A005A8F71 /* Info.plist */ = {isa = PBXFileReference; lastKnownFileType = text.plist.xml; path = Info.plist; sourceTree = "<group>"; };
		2608A3412BA0068A005A8F71 /* DataParsingJSONTests.xctest */ = {isa = PBXFileReference; explicitFileType = wrapper.cfbundle; includeInIndex = 0; path = DataParsingJSONTests.xctest; sourceTree = BUILT_PRODUCTS_DIR; };
		2608A3452BA0068A005A8F71 /* DataParsingJSONTests.swift */ = {isa = PBXFileReference; lastKnownFileType = sourcecode.swift; path = DataParsingJSONTests.swift; sourceTree = "<group>"; };
		2608A34B2BA0068A005A8F71 /* DataParsingJSONUITests.xctest */ = {isa = PBXFileReference; explicitFileType = wrapper.cfbundle; includeInIndex = 0; path = DataParsingJSONUITests.xctest; sourceTree = BUILT_PRODUCTS_DIR; };
		2608A34F2BA0068A005A8F71 /* DataParsingJSONUITests.swift */ = {isa = PBXFileReference; lastKnownFileType = sourcecode.swift; path = DataParsingJSONUITests.swift; sourceTree = "<group>"; };
		2608A3512BA0068A005A8F71 /* DataParsingJSONUITestsLaunchTests.swift */ = {isa = PBXFileReference; lastKnownFileType = sourcecode.swift; path = DataParsingJSONUITestsLaunchTests.swift; sourceTree = "<group>"; };
		2608A35E2BA0111F005A8F71 /* TheTableViewCell.swift */ = {isa = PBXFileReference; lastKnownFileType = sourcecode.swift; path = TheTableViewCell.swift; sourceTree = "<group>"; };
/* End PBXFileReference section */

/* Begin PBXFrameworksBuildPhase section */
		2608A3252BA00689005A8F71 /* Frameworks */ = {
			isa = PBXFrameworksBuildPhase;
			buildActionMask = 2147483647;
			files = (
			);
			runOnlyForDeploymentPostprocessing = 0;
		};
		2608A33E2BA0068A005A8F71 /* Frameworks */ = {
			isa = PBXFrameworksBuildPhase;
			buildActionMask = 2147483647;
			files = (
			);
			runOnlyForDeploymentPostprocessing = 0;
		};
		2608A3482BA0068A005A8F71 /* Frameworks */ = {
			isa = PBXFrameworksBuildPhase;
			buildActionMask = 2147483647;
			files = (
			);
			runOnlyForDeploymentPostprocessing = 0;
		};
/* End PBXFrameworksBuildPhase section */

/* Begin PBXGroup section */
		2608A31F2BA00689005A8F71 = {
			isa = PBXGroup;
			children = (
				2608A32A2BA00689005A8F71 /* DataParsingJSON */,
				2608A3442BA0068A005A8F71 /* DataParsingJSONTests */,
				2608A34E2BA0068A005A8F71 /* DataParsingJSONUITests */,
				2608A3292BA00689005A8F71 /* Products */,
			);
			sourceTree = "<group>";
		};
		2608A3292BA00689005A8F71 /* Products */ = {
			isa = PBXGroup;
			children = (
				2608A3282BA00689005A8F71 /* DataParsingJSON.app */,
				2608A3412BA0068A005A8F71 /* DataParsingJSONTests.xctest */,
				2608A34B2BA0068A005A8F71 /* DataParsingJSONUITests.xctest */,
			);
			name = Products;
			sourceTree = "<group>";
		};
		2608A32A2BA00689005A8F71 /* DataParsingJSON */ = {
			isa = PBXGroup;
			children = (
				2608A32B2BA00689005A8F71 /* AppDelegate.swift */,
				2608A32D2BA00689005A8F71 /* SceneDelegate.swift */,
				2608A32F2BA00689005A8F71 /* ViewController.swift */,
				2608A35E2BA0111F005A8F71 /* TheTableViewCell.swift */,
				2608A3312BA00689005A8F71 /* Main.storyboard */,
				2608A3372BA0068A005A8F71 /* Assets.xcassets */,
				2608A3392BA0068A005A8F71 /* LaunchScreen.storyboard */,
				2608A33C2BA0068A005A8F71 /* Info.plist */,
				2608A3342BA00689005A8F71 /* DataParsingJSON.xcdatamodeld */,
			);
			path = DataParsingJSON;
			sourceTree = "<group>";
		};
		2608A3442BA0068A005A8F71 /* DataParsingJSONTests */ = {
			isa = PBXGroup;
			children = (
				2608A3452BA0068A005A8F71 /* DataParsingJSONTests.swift */,
			);
			path = DataParsingJSONTests;
			sourceTree = "<group>";
		};
		2608A34E2BA0068A005A8F71 /* DataParsingJSONUITests */ = {
			isa = PBXGroup;
			children = (
				2608A34F2BA0068A005A8F71 /* DataParsingJSONUITests.swift */,
				2608A3512BA0068A005A8F71 /* DataParsingJSONUITestsLaunchTests.swift */,
			);
			path = DataParsingJSONUITests;
			sourceTree = "<group>";
		};
/* End PBXGroup section */

/* Begin PBXNativeTarget section */
		2608A3272BA00689005A8F71 /* DataParsingJSON */ = {
			isa = PBXNativeTarget;
			buildConfigurationList = 2608A3552BA0068A005A8F71 /* Build configuration list for PBXNativeTarget "DataParsingJSON" */;
			buildPhases = (
				2608A3242BA00689005A8F71 /* Sources */,
				2608A3252BA00689005A8F71 /* Frameworks */,
				2608A3262BA00689005A8F71 /* Resources */,
			);
			buildRules = (
			);
			dependencies = (
			);
			name = DataParsingJSON;
			productName = DataParsingJSON;
			productReference = 2608A3282BA00689005A8F71 /* DataParsingJSON.app */;
			productType = "com.apple.product-type.application";
		};
		2608A3402BA0068A005A8F71 /* DataParsingJSONTests */ = {
			isa = PBXNativeTarget;
			buildConfigurationList = 2608A3582BA0068A005A8F71 /* Build configuration list for PBXNativeTarget "DataParsingJSONTests" */;
			buildPhases = (
				2608A33D2BA0068A005A8F71 /* Sources */,
				2608A33E2BA0068A005A8F71 /* Frameworks */,
				2608A33F2BA0068A005A8F71 /* Resources */,
			);
			buildRules = (
			);
			dependencies = (
				2608A3432BA0068A005A8F71 /* PBXTargetDependency */,
			);
			name = DataParsingJSONTests;
			productName = DataParsingJSONTests;
			productReference = 2608A3412BA0068A005A8F71 /* DataParsingJSONTests.xctest */;
			productType = "com.apple.product-type.bundle.unit-test";
		};
		2608A34A2BA0068A005A8F71 /* DataParsingJSONUITests */ = {
			isa = PBXNativeTarget;
			buildConfigurationList = 2608A35B2BA0068A005A8F71 /* Build configuration list for PBXNativeTarget "DataParsingJSONUITests" */;
			buildPhases = (
				2608A3472BA0068A005A8F71 /* Sources */,
				2608A3482BA0068A005A8F71 /* Frameworks */,
				2608A3492BA0068A005A8F71 /* Resources */,
			);
			buildRules = (
			);
			dependencies = (
				2608A34D2BA0068A005A8F71 /* PBXTargetDependency */,
			);
			name = DataParsingJSONUITests;
			productName = DataParsingJSONUITests;
			productReference = 2608A34B2BA0068A005A8F71 /* DataParsingJSONUITests.xctest */;
			productType = "com.apple.product-type.bundle.ui-testing";
		};
/* End PBXNativeTarget section */

/* Begin PBXProject section */
		2608A3202BA00689005A8F71 /* Project object */ = {
			isa = PBXProject;
			attributes = {
				BuildIndependentTargetsInParallel = 1;
				LastSwiftUpdateCheck = 1520;
				LastUpgradeCheck = 1520;
				TargetAttributes = {
					2608A3272BA00689005A8F71 = {
						CreatedOnToolsVersion = 15.2;
					};
					2608A3402BA0068A005A8F71 = {
						CreatedOnToolsVersion = 15.2;
						TestTargetID = 2608A3272BA00689005A8F71;
					};
					2608A34A2BA0068A005A8F71 = {
						CreatedOnToolsVersion = 15.2;
						TestTargetID = 2608A3272BA00689005A8F71;
					};
				};
			};
			buildConfigurationList = 2608A3232BA00689005A8F71 /* Build configuration list for PBXProject "DataParsingJSON" */;
			compatibilityVersion = "Xcode 14.0";
			developmentRegion = en;
			hasScannedForEncodings = 0;
			knownRegions = (
				en,
				Base,
			);
			mainGroup = 2608A31F2BA00689005A8F71;
			productRefGroup = 2608A3292BA00689005A8F71 /* Products */;
			projectDirPath = "";
			projectRoot = "";
			targets = (
				2608A3272BA00689005A8F71 /* DataParsingJSON */,
				2608A3402BA0068A005A8F71 /* DataParsingJSONTests */,
				2608A34A2BA0068A005A8F71 /* DataParsingJSONUITests */,
			);
		};
/* End PBXProject section */

/* Begin PBXResourcesBuildPhase section */
		2608A3262BA00689005A8F71 /* Resources */ = {
			isa = PBXResourcesBuildPhase;
			buildActionMask = 2147483647;
			files = (
				2608A33B2BA0068A005A8F71 /* LaunchScreen.storyboard in Resources */,
				2608A3382BA0068A005A8F71 /* Assets.xcassets in Resources */,
				2608A3332BA00689005A8F71 /* Main.storyboard in Resources */,
			);
			runOnlyForDeploymentPostprocessing = 0;
		};
		2608A33F2BA0068A005A8F71 /* Resources */ = {
			isa = PBXResourcesBuildPhase;
			buildActionMask = 2147483647;
			files = (
			);
			runOnlyForDeploymentPostprocessing = 0;
		};
		2608A3492BA0068A005A8F71 /* Resources */ = {
			isa = PBXResourcesBuildPhase;
			buildActionMask = 2147483647;
			files = (
			);
			runOnlyForDeploymentPostprocessing = 0;
		};
/* End PBXResourcesBuildPhase section */

/* Begin PBXSourcesBuildPhase section */
		2608A3242BA00689005A8F71 /* Sources */ = {
			isa = PBXSourcesBuildPhase;
			buildActionMask = 2147483647;
			files = (
				2608A3362BA00689005A8F71 /* DataParsingJSON.xcdatamodeld in Sources */,
				2608A3302BA00689005A8F71 /* ViewController.swift in Sources */,
				2608A35F2BA0111F005A8F71 /* TheTableViewCell.swift in Sources */,
				2608A32C2BA00689005A8F71 /* AppDelegate.swift in Sources */,
				2608A32E2BA00689005A8F71 /* SceneDelegate.swift in Sources */,
			);
			runOnlyForDeploymentPostprocessing = 0;
		};
		2608A33D2BA0068A005A8F71 /* Sources */ = {
			isa = PBXSourcesBuildPhase;
			buildActionMask = 2147483647;
			files = (
				2608A3462BA0068A005A8F71 /* DataParsingJSONTests.swift in Sources */,
			);
			runOnlyForDeploymentPostprocessing = 0;
		};
		2608A3472BA0068A005A8F71 /* Sources */ = {
			isa = PBXSourcesBuildPhase;
			buildActionMask = 2147483647;
			files = (
				2608A3502BA0068A005A8F71 /* DataParsingJSONUITests.swift in Sources */,
				2608A3522BA0068A005A8F71 /* DataParsingJSONUITestsLaunchTests.swift in Sources */,
			);
			runOnlyForDeploymentPostprocessing = 0;
		};
/* End PBXSourcesBuildPhase section */

/* Begin PBXTargetDependency section */
		2608A3432BA0068A005A8F71 /* PBXTargetDependency */ = {
			isa = PBXTargetDependency;
			target = 2608A3272BA00689005A8F71 /* DataParsingJSON */;
			targetProxy = 2608A3422BA0068A005A8F71 /* PBXContainerItemProxy */;
		};
		2608A34D2BA0068A005A8F71 /* PBXTargetDependency */ = {
			isa = PBXTargetDependency;
			target = 2608A3272BA00689005A8F71 /* DataParsingJSON */;
			targetProxy = 2608A34C2BA0068A005A8F71 /* PBXContainerItemProxy */;
		};
/* End PBXTargetDependency section */

/* Begin PBXVariantGroup section */
		2608A3312BA00689005A8F71 /* Main.storyboard */ = {
			isa = PBXVariantGroup;
			children = (
				2608A3322BA00689005A8F71 /* Base */,
			);
			name = Main.storyboard;
			sourceTree = "<group>";
		};
		2608A3392BA0068A005A8F71 /* LaunchScreen.storyboard */ = {
			isa = PBXVariantGroup;
			children = (
				2608A33A2BA0068A005A8F71 /* Base */,
			);
			name = LaunchScreen.storyboard;
			sourceTree = "<group>";
		};
/* End PBXVariantGroup section */

/* Begin XCBuildConfiguration section */
		2608A3532BA0068A005A8F71 /* Debug */ = {
			isa = XCBuildConfiguration;
			buildSettings = {
				ALWAYS_SEARCH_USER_PATHS = NO;
				ASSETCATALOG_COMPILER_GENERATE_SWIFT_ASSET_SYMBOL_EXTENSIONS = YES;
				CLANG_ANALYZER_NONNULL = YES;
				CLANG_ANALYZER_NUMBER_OBJECT_CONVERSION = YES_AGGRESSIVE;
				CLANG_CXX_LANGUAGE_STANDARD = "gnu++20";
				CLANG_ENABLE_MODULES = YES;
				CLANG_ENABLE_OBJC_ARC = YES;
				CLANG_ENABLE_OBJC_WEAK = YES;
				CLANG_WARN_BLOCK_CAPTURE_AUTORELEASING = YES;
				CLANG_WARN_BOOL_CONVERSION = YES;
				CLANG_WARN_COMMA = YES;
				CLANG_WARN_CONSTANT_CONVERSION = YES;
				CLANG_WARN_DEPRECATED_OBJC_IMPLEMENTATIONS = YES;
				CLANG_WARN_DIRECT_OBJC_ISA_USAGE = YES_ERROR;
				CLANG_WARN_DOCUMENTATION_COMMENTS = YES;
				CLANG_WARN_EMPTY_BODY = YES;
				CLANG_WARN_ENUM_CONVERSION = YES;
				CLANG_WARN_INFINITE_RECURSION = YES;
				CLANG_WARN_INT_CONVERSION = YES;
				CLANG_WARN_NON_LITERAL_NULL_CONVERSION = YES;
				CLANG_WARN_OBJC_IMPLICIT_RETAIN_SELF = YES;
				CLANG_WARN_OBJC_LITERAL_CONVERSION = YES;
				CLANG_WARN_OBJC_ROOT_CLASS = YES_ERROR;
				CLANG_WARN_QUOTED_INCLUDE_IN_FRAMEWORK_HEADER = YES;
				CLANG_WARN_RANGE_LOOP_ANALYSIS = YES;
				CLANG_WARN_STRICT_PROTOTYPES = YES;
				CLANG_WARN_SUSPICIOUS_MOVE = YES;
				CLANG_WARN_UNGUARDED_AVAILABILITY = YES_AGGRESSIVE;
				CLANG_WARN_UNREACHABLE_CODE = YES;
				CLANG_WARN__DUPLICATE_METHOD_MATCH = YES;
				COPY_PHASE_STRIP = NO;
				DEBUG_INFORMATION_FORMAT = dwarf;
				ENABLE_STRICT_OBJC_MSGSEND = YES;
				ENABLE_TESTABILITY = YES;
				ENABLE_USER_SCRIPT_SANDBOXING = YES;
				GCC_C_LANGUAGE_STANDARD = gnu17;
				GCC_DYNAMIC_NO_PIC = NO;
				GCC_NO_COMMON_BLOCKS = YES;
				GCC_OPTIMIZATION_LEVEL = 0;
				GCC_PREPROCESSOR_DEFINITIONS = (
					"DEBUG=1",
					"$(inherited)",
				);
				GCC_WARN_64_TO_32_BIT_CONVERSION = YES;
				GCC_WARN_ABOUT_RETURN_TYPE = YES_ERROR;
				GCC_WARN_UNDECLARED_SELECTOR = YES;
				GCC_WARN_UNINITIALIZED_AUTOS = YES_AGGRESSIVE;
				GCC_WARN_UNUSED_FUNCTION = YES;
				GCC_WARN_UNUSED_VARIABLE = YES;
				IPHONEOS_DEPLOYMENT_TARGET = 17.2;
				LOCALIZATION_PREFERS_STRING_CATALOGS = YES;
				MTL_ENABLE_DEBUG_INFO = INCLUDE_SOURCE;
				MTL_FAST_MATH = YES;
				ONLY_ACTIVE_ARCH = YES;
				SDKROOT = iphoneos;
				SWIFT_ACTIVE_COMPILATION_CONDITIONS = "DEBUG $(inherited)";
				SWIFT_OPTIMIZATION_LEVEL = "-Onone";
			};
			name = Debug;
		};
		2608A3542BA0068A005A8F71 /* Release */ = {
			isa = XCBuildConfiguration;
			buildSettings = {
				ALWAYS_SEARCH_USER_PATHS = NO;
				ASSETCATALOG_COMPILER_GENERATE_SWIFT_ASSET_SYMBOL_EXTENSIONS = YES;
				CLANG_ANALYZER_NONNULL = YES;
				CLANG_ANALYZER_NUMBER_OBJECT_CONVERSION = YES_AGGRESSIVE;
				CLANG_CXX_LANGUAGE_STANDARD = "gnu++20";
				CLANG_ENABLE_MODULES = YES;
				CLANG_ENABLE_OBJC_ARC = YES;
				CLANG_ENABLE_OBJC_WEAK = YES;
				CLANG_WARN_BLOCK_CAPTURE_AUTORELEASING = YES;
				CLANG_WARN_BOOL_CONVERSION = YES;
				CLANG_WARN_COMMA = YES;
				CLANG_WARN_CONSTANT_CONVERSION = YES;
				CLANG_WARN_DEPRECATED_OBJC_IMPLEMENTATIONS = YES;
				CLANG_WARN_DIRECT_OBJC_ISA_USAGE = YES_ERROR;
				CLANG_WARN_DOCUMENTATION_COMMENTS = YES;
				CLANG_WARN_EMPTY_BODY = YES;
				CLANG_WARN_ENUM_CONVERSION = YES;
				CLANG_WARN_INFINITE_RECURSION = YES;
				CLANG_WARN_INT_CONVERSION = YES;
				CLANG_WARN_NON_LITERAL_NULL_CONVERSION = YES;
				CLANG_WARN_OBJC_IMPLICIT_RETAIN_SELF = YES;
				CLANG_WARN_OBJC_LITERAL_CONVERSION = YES;
				CLANG_WARN_OBJC_ROOT_CLASS = YES_ERROR;
				CLANG_WARN_QUOTED_INCLUDE_IN_FRAMEWORK_HEADER = YES;
				CLANG_WARN_RANGE_LOOP_ANALYSIS = YES;
				CLANG_WARN_STRICT_PROTOTYPES = YES;
				CLANG_WARN_SUSPICIOUS_MOVE = YES;
				CLANG_WARN_UNGUARDED_AVAILABILITY = YES_AGGRESSIVE;
				CLANG_WARN_UNREACHABLE_CODE = YES;
				CLANG_WARN__DUPLICATE_METHOD_MATCH = YES;
				COPY_PHASE_STRIP = NO;
				DEBUG_INFORMATION_FORMAT = "dwarf-with-dsym";
				ENABLE_NS_ASSERTIONS = NO;
				ENABLE_STRICT_OBJC_MSGSEND = YES;
				ENABLE_USER_SCRIPT_SANDBOXING = YES;
				GCC_C_LANGUAGE_STANDARD = gnu17;
				GCC_NO_COMMON_BLOCKS = YES;
				GCC_WARN_64_TO_32_BIT_CONVERSION = YES;
				GCC_WARN_ABOUT_RETURN_TYPE = YES_ERROR;
				GCC_WARN_UNDECLARED_SELECTOR = YES;
				GCC_WARN_UNINITIALIZED_AUTOS = YES_AGGRESSIVE;
				GCC_WARN_UNUSED_FUNCTION = YES;
				GCC_WARN_UNUSED_VARIABLE = YES;
				IPHONEOS_DEPLOYMENT_TARGET = 17.2;
				LOCALIZATION_PREFERS_STRING_CATALOGS = YES;
				MTL_ENABLE_DEBUG_INFO = NO;
				MTL_FAST_MATH = YES;
				SDKROOT = iphoneos;
				SWIFT_COMPILATION_MODE = wholemodule;
				VALIDATE_PRODUCT = YES;
			};
			name = Release;
		};
		2608A3562BA0068A005A8F71 /* Debug */ = {
			isa = XCBuildConfiguration;
			buildSettings = {
				ASSETCATALOG_COMPILER_APPICON_NAME = AppIcon;
				ASSETCATALOG_COMPILER_GLOBAL_ACCENT_COLOR_NAME = AccentColor;
				CODE_SIGN_STYLE = Automatic;
				CURRENT_PROJECT_VERSION = 1;
				GENERATE_INFOPLIST_FILE = YES;
				INFOPLIST_FILE = DataParsingJSON/Info.plist;
				INFOPLIST_KEY_UIApplicationSupportsIndirectInputEvents = YES;
				INFOPLIST_KEY_UILaunchStoryboardName = LaunchScreen;
				INFOPLIST_KEY_UIMainStoryboardFile = Main;
				INFOPLIST_KEY_UISupportedInterfaceOrientations_iPad = "UIInterfaceOrientationPortrait UIInterfaceOrientationPortraitUpsideDown UIInterfaceOrientationLandscapeLeft UIInterfaceOrientationLandscapeRight";
				INFOPLIST_KEY_UISupportedInterfaceOrientations_iPhone = "UIInterfaceOrientationPortrait UIInterfaceOrientationLandscapeLeft UIInterfaceOrientationLandscapeRight";
				LD_RUNPATH_SEARCH_PATHS = (
					"$(inherited)",
					"@executable_path/Frameworks",
				);
				MARKETING_VERSION = 1.0;
				PRODUCT_BUNDLE_IDENTIFIER = com.sample.DataParsingJSON;
				PRODUCT_NAME = "$(TARGET_NAME)";
				SWIFT_EMIT_LOC_STRINGS = YES;
				SWIFT_VERSION = 5.0;
				TARGETED_DEVICE_FAMILY = "1,2";
			};
			name = Debug;
		};
		2608A3572BA0068A005A8F71 /* Release */ = {
			isa = XCBuildConfiguration;
			buildSettings = {
				ASSETCATALOG_COMPILER_APPICON_NAME = AppIcon;
				ASSETCATALOG_COMPILER_GLOBAL_ACCENT_COLOR_NAME = AccentColor;
				CODE_SIGN_STYLE = Automatic;
				CURRENT_PROJECT_VERSION = 1;
				GENERATE_INFOPLIST_FILE = YES;
				INFOPLIST_FILE = DataParsingJSON/Info.plist;
				INFOPLIST_KEY_UIApplicationSupportsIndirectInputEvents = YES;
				INFOPLIST_KEY_UILaunchStoryboardName = LaunchScreen;
				INFOPLIST_KEY_UIMainStoryboardFile = Main;
				INFOPLIST_KEY_UISupportedInterfaceOrientations_iPad = "UIInterfaceOrientationPortrait UIInterfaceOrientationPortraitUpsideDown UIInterfaceOrientationLandscapeLeft UIInterfaceOrientationLandscapeRight";
				INFOPLIST_KEY_UISupportedInterfaceOrientations_iPhone = "UIInterfaceOrientationPortrait UIInterfaceOrientationLandscapeLeft UIInterfaceOrientationLandscapeRight";
				LD_RUNPATH_SEARCH_PATHS = (
					"$(inherited)",
					"@executable_path/Frameworks",
				);
				MARKETING_VERSION = 1.0;
				PRODUCT_BUNDLE_IDENTIFIER = com.sample.DataParsingJSON;
				PRODUCT_NAME = "$(TARGET_NAME)";
				SWIFT_EMIT_LOC_STRINGS = YES;
				SWIFT_VERSION = 5.0;
				TARGETED_DEVICE_FAMILY = "1,2";
			};
			name = Release;
		};
		2608A3592BA0068A005A8F71 /* Debug */ = {
			isa = XCBuildConfiguration;
			buildSettings = {
				ALWAYS_EMBED_SWIFT_STANDARD_LIBRARIES = YES;
				BUNDLE_LOADER = "$(TEST_HOST)";
				CODE_SIGN_STYLE = Automatic;
				CURRENT_PROJECT_VERSION = 1;
				GENERATE_INFOPLIST_FILE = YES;
				IPHONEOS_DEPLOYMENT_TARGET = 17.2;
				MARKETING_VERSION = 1.0;
				PRODUCT_BUNDLE_IDENTIFIER = com.sample.DataParsingJSONTests;
				PRODUCT_NAME = "$(TARGET_NAME)";
				SWIFT_EMIT_LOC_STRINGS = NO;
				SWIFT_VERSION = 5.0;
				TARGETED_DEVICE_FAMILY = "1,2";
				TEST_HOST = "$(BUILT_PRODUCTS_DIR)/DataParsingJSON.app/$(BUNDLE_EXECUTABLE_FOLDER_PATH)/DataParsingJSON";
			};
			name = Debug;
		};
		2608A35A2BA0068A005A8F71 /* Release */ = {
			isa = XCBuildConfiguration;
			buildSettings = {
				ALWAYS_EMBED_SWIFT_STANDARD_LIBRARIES = YES;
				BUNDLE_LOADER = "$(TEST_HOST)";
				CODE_SIGN_STYLE = Automatic;
				CURRENT_PROJECT_VERSION = 1;
				GENERATE_INFOPLIST_FILE = YES;
				IPHONEOS_DEPLOYMENT_TARGET = 17.2;
				MARKETING_VERSION = 1.0;
				PRODUCT_BUNDLE_IDENTIFIER = com.sample.DataParsingJSONTests;
				PRODUCT_NAME = "$(TARGET_NAME)";
				SWIFT_EMIT_LOC_STRINGS = NO;
				SWIFT_VERSION = 5.0;
				TARGETED_DEVICE_FAMILY = "1,2";
				TEST_HOST = "$(BUILT_PRODUCTS_DIR)/DataParsingJSON.app/$(BUNDLE_EXECUTABLE_FOLDER_PATH)/DataParsingJSON";
			};
			name = Release;
		};
		2608A35C2BA0068A005A8F71 /* Debug */ = {
			isa = XCBuildConfiguration;
			buildSettings = {
				ALWAYS_EMBED_SWIFT_STANDARD_LIBRARIES = YES;
				CODE_SIGN_STYLE = Automatic;
				CURRENT_PROJECT_VERSION = 1;
				GENERATE_INFOPLIST_FILE = YES;
				MARKETING_VERSION = 1.0;
				PRODUCT_BUNDLE_IDENTIFIER = com.sample.DataParsingJSONUITests;
				PRODUCT_NAME = "$(TARGET_NAME)";
				SWIFT_EMIT_LOC_STRINGS = NO;
				SWIFT_VERSION = 5.0;
				TARGETED_DEVICE_FAMILY = "1,2";
				TEST_TARGET_NAME = DataParsingJSON;
			};
			name = Debug;
		};
		2608A35D2BA0068A005A8F71 /* Release */ = {
			isa = XCBuildConfiguration;
			buildSettings = {
				ALWAYS_EMBED_SWIFT_STANDARD_LIBRARIES = YES;
				CODE_SIGN_STYLE = Automatic;
				CURRENT_PROJECT_VERSION = 1;
				GENERATE_INFOPLIST_FILE = YES;
				MARKETING_VERSION = 1.0;
				PRODUCT_BUNDLE_IDENTIFIER = com.sample.DataParsingJSONUITests;
				PRODUCT_NAME = "$(TARGET_NAME)";
				SWIFT_EMIT_LOC_STRINGS = NO;
				SWIFT_VERSION = 5.0;
				TARGETED_DEVICE_FAMILY = "1,2";
				TEST_TARGET_NAME = DataParsingJSON;
			};
			name = Release;
		};
/* End XCBuildConfiguration section */

/* Begin XCConfigurationList section */
		2608A3232BA00689005A8F71 /* Build configuration list for PBXProject "DataParsingJSON" */ = {
			isa = XCConfigurationList;
			buildConfigurations = (
				2608A3532BA0068A005A8F71 /* Debug */,
				2608A3542BA0068A005A8F71 /* Release */,
			);
			defaultConfigurationIsVisible = 0;
			defaultConfigurationName = Release;
		};
		2608A3552BA0068A005A8F71 /* Build configuration list for PBXNativeTarget "DataParsingJSON" */ = {
			isa = XCConfigurationList;
			buildConfigurations = (
				2608A3562BA0068A005A8F71 /* Debug */,
				2608A3572BA0068A005A8F71 /* Release */,
			);
			defaultConfigurationIsVisible = 0;
			defaultConfigurationName = Release;
		};
		2608A3582BA0068A005A8F71 /* Build configuration list for PBXNativeTarget "DataParsingJSONTests" */ = {
			isa = XCConfigurationList;
			buildConfigurations = (
				2608A3592BA0068A005A8F71 /* Debug */,
				2608A35A2BA0068A005A8F71 /* Release */,
			);
			defaultConfigurationIsVisible = 0;
			defaultConfigurationName = Release;
		};
		2608A35B2BA0068A005A8F71 /* Build configuration list for PBXNativeTarget "DataParsingJSONUITests" */ = {
			isa = XCConfigurationList;
			buildConfigurations = (
				2608A35C2BA0068A005A8F71 /* Debug */,
				2608A35D2BA0068A005A8F71 /* Release */,
			);
			defaultConfigurationIsVisible = 0;
			defaultConfigurationName = Release;
		};
/* End XCConfigurationList section */

/* Begin XCVersionGroup section */
		2608A3342BA00689005A8F71 /* DataParsingJSON.xcdatamodeld */ = {
			isa = XCVersionGroup;
			children = (
				2608A3352BA00689005A8F71 /* DataParsingJSON.xcdatamodel */,
			);
			currentVersion = 2608A3352BA00689005A8F71 /* DataParsingJSON.xcdatamodel */;
			path = DataParsingJSON.xcdatamodeld;
			sourceTree = "<group>";
			versionGroupType = wrapper.xcdatamodel;
		};
/* End XCVersionGroup section */
	};
	rootObject = 2608A3202BA00689005A8F71 /* Project object */;
}
